
Microsoft Visual Studio Solution File, Format Version 12.00
# Visual Studio Version 17
VisualStudioVersion = 17.11.35222.181
MinimumVisualStudioVersion = 10.0.40219.1
Project("{9A19103F-16F7-4668-BE54-9A1E7A4F7556}") = "FoodService.Data.Nugget.Pkg", "src\FoodService.Data.Nugget.Pkg\FoodService.Data.Nugget.Pkg.csproj", "{A32C633E-CC35-4C0F-8594-0B78BE653862}"
EndProject
Project("{2150E333-8FDC-42A3-9474-1A3956D46DE8}") = "Solution Items", "Solution Items", "{AA293B05-DA14-47B7-818D-59247C74C826}"
	ProjectSection(SolutionItems) = preProject
		.gitignore = .gitignore
		.github\workflows\gh-nuget-package.yml = .github\workflows\gh-nuget-package.yml
	EndProjectSection
EndProject
Global
	GlobalSection(SolutionConfigurationPlatforms) = preSolution
		Debug|Any CPU = Debug|Any CPU
		Release|Any CPU = Release|Any CPU
	EndGlobalSection
	GlobalSection(ProjectConfigurationPlatforms) = postSolution
		{A32C633E-CC35-4C0F-8594-0B78BE653862}.Debug|Any CPU.ActiveCfg = Debug|Any CPU
		{A32C633E-CC35-4C0F-8594-0B78BE653862}.Debug|Any CPU.Build.0 = Debug|Any CPU
		{A32C633E-CC35-4C0F-8594-0B78BE653862}.Release|Any CPU.ActiveCfg = Release|Any CPU
		{A32C633E-CC35-4C0F-8594-0B78BE653862}.Release|Any CPU.Build.0 = Release|Any CPU
	EndGlobalSection
	GlobalSection(SolutionProperties) = preSolution
		HideSolutionNode = FALSE
	EndGlobalSection
	GlobalSection(ExtensibilityGlobals) = postSolution
		SolutionGuid = {0AD7A07D-FB8E-4EF8-8EB1-FDF3CF20E6EE}
	EndGlobalSection
EndGlobal
